{
  "originHash" : "13332a85bc41302058e56212d7503bb935b495d26fd52a557189dbfba9864f14",
  "pins" : [
    {
      "identity" : "droppykit",
      "kind" : "remoteSourceControl",
      "location" : "https://gitlab.com/droppyformac1/droppykit.git",
      "state" : {
        "revision" : "a724a251846749ab18bb394ba3eee0f4e152ad21",
        "version" : "1.11.0"
      }
    }
  ],
  "version" : 3
}
