{
  "originHash" : "ce1cb76eabd24c9d5d462cf56d6637b485c3e0a4d1c85b0f343b4ac4d56dfd59",
  "pins" : [
    {
      "identity" : "droppykit",
      "kind" : "remoteSourceControl",
      "location" : "https://gitlab.com/droppyformac1/droppykit.git",
      "state" : {
        "revision" : "ce3774861b9994a0f9570160bac6f2bfd4aea5aa",
        "version" : "1.17.0"
      }
    }
  ],
  "version" : 3
}
